
Microsoft Visual Studio Solution File, Format Version 12.00
# Visual Studio 15
VisualStudioVersion = 15.0.28307.421
MinimumVisualStudioVersion = 10.0.40219.1
Project("{FAE04EC0-301F-11D3-BF4B-00C04F79EFBC}") = "MT4Connect", "MT4Connect\MT4Connect.csproj", "{FA86FA2E-781D-45EF-BA93-B99624A2CDC0}"
EndProject
Global
	GlobalSection(SolutionConfigurationPlatforms) = preSolution
		Debug|Any CPU = Debug|Any CPU
		Release|Any CPU = Release|Any CPU
	EndGlobalSection
	GlobalSection(ProjectConfigurationPlatforms) = postSolution
		{FA86FA2E-781D-45EF-BA93-B99624A2CDC0}.Debug|Any CPU.ActiveCfg = Debug|Any CPU
		{FA86FA2E-781D-45EF-BA93-B99624A2CDC0}.Debug|Any CPU.Build.0 = Debug|Any CPU
		{FA86FA2E-781D-45EF-BA93-B99624A2CDC0}.Release|Any CPU.ActiveCfg = Release|Any CPU
		{FA86FA2E-781D-45EF-BA93-B99624A2CDC0}.Release|Any CPU.Build.0 = Release|Any CPU
	EndGlobalSection
	GlobalSection(SolutionProperties) = preSolution
		HideSolutionNode = FALSE
	EndGlobalSection
	GlobalSection(ExtensibilityGlobals) = postSolution
		SolutionGuid = {00EE6E48-DDAB-43A3-9F71-241F15346FB7}
	EndGlobalSection
EndGlobal
